
Microsoft Visual Studio Solution File, Format Version 11.00
# Visual Studio 2010
Project("{FAE04EC0-301F-11D3-BF4B-00C04F79EFBC}") = "NFeature", "NFeature\NFeature.csproj", "{8889710B-2420-495F-94FC-A649C348ADB4}"
EndProject
Project("{FAE04EC0-301F-11D3-BF4B-00C04F79EFBC}") = "NFeature.Test.Fast", "NFeature.Test.Fast\NFeature.Test.Fast.csproj", "{8978DCAE-C678-4003-AD76-81EA4D7AF7D3}"
EndProject
Project("{FAE04EC0-301F-11D3-BF4B-00C04F79EFBC}") = "NFeature.Test.Slow", "NFeature.Test.Slow\NFeature.Test.Slow.csproj", "{5AF1B8EA-FA20-403A-B7F0-AD38C30EE4C1}"
EndProject
Project("{FAE04EC0-301F-11D3-BF4B-00C04F79EFBC}") = "NFeature.Example.Console", "NFeature.Example.Console\NFeature.Example.Console.csproj", "{F20A8857-26F2-4212-9663-91C8823942BE}"
EndProject
Project("{FAE04EC0-301F-11D3-BF4B-00C04F79EFBC}") = "NFeature.DefaultTenant.Test.Slow", "NFeature.DefaultTenant.Test.Slow\NFeature.DefaultTenant.Test.Slow.csproj", "{9782F64B-9236-4D95-B9AE-6FACCC915DEA}"
EndProject
Global
	GlobalSection(SolutionConfigurationPlatforms) = preSolution
		Debug|Any CPU = Debug|Any CPU
		Debug|Mixed Platforms = Debug|Mixed Platforms
		Debug|x86 = Debug|x86
		Release|Any CPU = Release|Any CPU
		Release|Mixed Platforms = Release|Mixed Platforms
		Release|x86 = Release|x86
		Staging|Any CPU = Staging|Any CPU
		Staging|Mixed Platforms = Staging|Mixed Platforms
		Staging|x86 = Staging|x86
	EndGlobalSection
	GlobalSection(ProjectConfigurationPlatforms) = postSolution
		{8889710B-2420-495F-94FC-A649C348ADB4}.Debug|Any CPU.ActiveCfg = Debug|Any CPU
		{8889710B-2420-495F-94FC-A649C348ADB4}.Debug|Any CPU.Build.0 = Debug|Any CPU
		{8889710B-2420-495F-94FC-A649C348ADB4}.Debug|Mixed Platforms.ActiveCfg = Debug|Any CPU
		{8889710B-2420-495F-94FC-A649C348ADB4}.Debug|Mixed Platforms.Build.0 = Debug|Any CPU
		{8889710B-2420-495F-94FC-A649C348ADB4}.Debug|x86.ActiveCfg = Debug|Any CPU
		{8889710B-2420-495F-94FC-A649C348ADB4}.Release|Any CPU.ActiveCfg = Release|Any CPU
		{8889710B-2420-495F-94FC-A649C348ADB4}.Release|Any CPU.Build.0 = Release|Any CPU
		{8889710B-2420-495F-94FC-A649C348ADB4}.Release|Mixed Platforms.ActiveCfg = Release|Any CPU
		{8889710B-2420-495F-94FC-A649C348ADB4}.Release|Mixed Platforms.Build.0 = Release|Any CPU
		{8889710B-2420-495F-94FC-A649C348ADB4}.Release|x86.ActiveCfg = Release|Any CPU
		{8889710B-2420-495F-94FC-A649C348ADB4}.Staging|Any CPU.ActiveCfg = Staging|Any CPU
		{8889710B-2420-495F-94FC-A649C348ADB4}.Staging|Any CPU.Build.0 = Staging|Any CPU
		{8889710B-2420-495F-94FC-A649C348ADB4}.Staging|Mixed Platforms.ActiveCfg = Staging|Any CPU
		{8889710B-2420-495F-94FC-A649C348ADB4}.Staging|Mixed Platforms.Build.0 = Staging|Any CPU
		{8889710B-2420-495F-94FC-A649C348ADB4}.Staging|x86.ActiveCfg = Staging|Any CPU
		{8978DCAE-C678-4003-AD76-81EA4D7AF7D3}.Debug|Any CPU.ActiveCfg = Debug|Any CPU
		{8978DCAE-C678-4003-AD76-81EA4D7AF7D3}.Debug|Any CPU.Build.0 = Debug|Any CPU
		{8978DCAE-C678-4003-AD76-81EA4D7AF7D3}.Debug|Mixed Platforms.ActiveCfg = Debug|Any CPU
		{8978DCAE-C678-4003-AD76-81EA4D7AF7D3}.Debug|Mixed Platforms.Build.0 = Debug|Any CPU
		{8978DCAE-C678-4003-AD76-81EA4D7AF7D3}.Debug|x86.ActiveCfg = Debug|Any CPU
		{8978DCAE-C678-4003-AD76-81EA4D7AF7D3}.Release|Any CPU.ActiveCfg = Release|Any CPU
		{8978DCAE-C678-4003-AD76-81EA4D7AF7D3}.Release|Any CPU.Build.0 = Release|Any CPU
		{8978DCAE-C678-4003-AD76-81EA4D7AF7D3}.Release|Mixed Platforms.ActiveCfg = Release|Any CPU
		{8978DCAE-C678-4003-AD76-81EA4D7AF7D3}.Release|Mixed Platforms.Build.0 = Release|Any CPU
		{8978DCAE-C678-4003-AD76-81EA4D7AF7D3}.Release|x86.ActiveCfg = Release|Any CPU
		{8978DCAE-C678-4003-AD76-81EA4D7AF7D3}.Staging|Any CPU.ActiveCfg = Staging|Any CPU
		{8978DCAE-C678-4003-AD76-81EA4D7AF7D3}.Staging|Any CPU.Build.0 = Staging|Any CPU
		{8978DCAE-C678-4003-AD76-81EA4D7AF7D3}.Staging|Mixed Platforms.ActiveCfg = Staging|Any CPU
		{8978DCAE-C678-4003-AD76-81EA4D7AF7D3}.Staging|Mixed Platforms.Build.0 = Staging|Any CPU
		{8978DCAE-C678-4003-AD76-81EA4D7AF7D3}.Staging|x86.ActiveCfg = Staging|Any CPU
		{5AF1B8EA-FA20-403A-B7F0-AD38C30EE4C1}.Debug|Any CPU.ActiveCfg = Debug|Any CPU
		{5AF1B8EA-FA20-403A-B7F0-AD38C30EE4C1}.Debug|Any CPU.Build.0 = Debug|Any CPU
		{5AF1B8EA-FA20-403A-B7F0-AD38C30EE4C1}.Debug|Mixed Platforms.ActiveCfg = Debug|Any CPU
		{5AF1B8EA-FA20-403A-B7F0-AD38C30EE4C1}.Debug|Mixed Platforms.Build.0 = Debug|Any CPU
		{5AF1B8EA-FA20-403A-B7F0-AD38C30EE4C1}.Debug|x86.ActiveCfg = Debug|Any CPU
		{5AF1B8EA-FA20-403A-B7F0-AD38C30EE4C1}.Release|Any CPU.ActiveCfg = Release|Any CPU
		{5AF1B8EA-FA20-403A-B7F0-AD38C30EE4C1}.Release|Any CPU.Build.0 = Release|Any CPU
		{5AF1B8EA-FA20-403A-B7F0-AD38C30EE4C1}.Release|Mixed Platforms.ActiveCfg = Release|Any CPU
		{5AF1B8EA-FA20-403A-B7F0-AD38C30EE4C1}.Release|Mixed Platforms.Build.0 = Release|Any CPU
		{5AF1B8EA-FA20-403A-B7F0-AD38C30EE4C1}.Release|x86.ActiveCfg = Release|Any CPU
		{5AF1B8EA-FA20-403A-B7F0-AD38C30EE4C1}.Staging|Any CPU.ActiveCfg = Release|Any CPU
		{5AF1B8EA-FA20-403A-B7F0-AD38C30EE4C1}.Staging|Any CPU.Build.0 = Release|Any CPU
		{5AF1B8EA-FA20-403A-B7F0-AD38C30EE4C1}.Staging|Mixed Platforms.ActiveCfg = Staging|Any CPU
		{5AF1B8EA-FA20-403A-B7F0-AD38C30EE4C1}.Staging|Mixed Platforms.Build.0 = Staging|Any CPU
		{5AF1B8EA-FA20-403A-B7F0-AD38C30EE4C1}.Staging|x86.ActiveCfg = Release|Any CPU
		{F20A8857-26F2-4212-9663-91C8823942BE}.Debug|Any CPU.ActiveCfg = Debug|x86
		{F20A8857-26F2-4212-9663-91C8823942BE}.Debug|Mixed Platforms.ActiveCfg = Debug|x86
		{F20A8857-26F2-4212-9663-91C8823942BE}.Debug|Mixed Platforms.Build.0 = Debug|x86
		{F20A8857-26F2-4212-9663-91C8823942BE}.Debug|x86.ActiveCfg = Debug|x86
		{F20A8857-26F2-4212-9663-91C8823942BE}.Debug|x86.Build.0 = Debug|x86
		{F20A8857-26F2-4212-9663-91C8823942BE}.Release|Any CPU.ActiveCfg = Release|x86
		{F20A8857-26F2-4212-9663-91C8823942BE}.Release|Mixed Platforms.ActiveCfg = Release|x86
		{F20A8857-26F2-4212-9663-91C8823942BE}.Release|Mixed Platforms.Build.0 = Release|x86
		{F20A8857-26F2-4212-9663-91C8823942BE}.Release|x86.ActiveCfg = Release|x86
		{F20A8857-26F2-4212-9663-91C8823942BE}.Release|x86.Build.0 = Release|x86
		{F20A8857-26F2-4212-9663-91C8823942BE}.Staging|Any CPU.ActiveCfg = Release|x86
		{F20A8857-26F2-4212-9663-91C8823942BE}.Staging|Mixed Platforms.ActiveCfg = Staging|x86
		{F20A8857-26F2-4212-9663-91C8823942BE}.Staging|Mixed Platforms.Build.0 = Staging|x86
		{F20A8857-26F2-4212-9663-91C8823942BE}.Staging|x86.ActiveCfg = Release|x86
		{F20A8857-26F2-4212-9663-91C8823942BE}.Staging|x86.Build.0 = Release|x86
		{9782F64B-9236-4D95-B9AE-6FACCC915DEA}.Debug|Any CPU.ActiveCfg = Debug|Any CPU
		{9782F64B-9236-4D95-B9AE-6FACCC915DEA}.Debug|Any CPU.Build.0 = Debug|Any CPU
		{9782F64B-9236-4D95-B9AE-6FACCC915DEA}.Debug|Mixed Platforms.ActiveCfg = Debug|Any CPU
		{9782F64B-9236-4D95-B9AE-6FACCC915DEA}.Debug|Mixed Platforms.Build.0 = Debug|Any CPU
		{9782F64B-9236-4D95-B9AE-6FACCC915DEA}.Debug|x86.ActiveCfg = Debug|Any CPU
		{9782F64B-9236-4D95-B9AE-6FACCC915DEA}.Release|Any CPU.ActiveCfg = Release|Any CPU
		{9782F64B-9236-4D95-B9AE-6FACCC915DEA}.Release|Any CPU.Build.0 = Release|Any CPU
		{9782F64B-9236-4D95-B9AE-6FACCC915DEA}.Release|Mixed Platforms.ActiveCfg = Release|Any CPU
		{9782F64B-9236-4D95-B9AE-6FACCC915DEA}.Release|Mixed Platforms.Build.0 = Release|Any CPU
		{9782F64B-9236-4D95-B9AE-6FACCC915DEA}.Release|x86.ActiveCfg = Release|Any CPU
		{9782F64B-9236-4D95-B9AE-6FACCC915DEA}.Staging|Any CPU.ActiveCfg = Release|Any CPU
		{9782F64B-9236-4D95-B9AE-6FACCC915DEA}.Staging|Any CPU.Build.0 = Release|Any CPU
		{9782F64B-9236-4D95-B9AE-6FACCC915DEA}.Staging|Mixed Platforms.ActiveCfg = Release|Any CPU
		{9782F64B-9236-4D95-B9AE-6FACCC915DEA}.Staging|Mixed Platforms.Build.0 = Release|Any CPU
		{9782F64B-9236-4D95-B9AE-6FACCC915DEA}.Staging|x86.ActiveCfg = Release|Any CPU
	EndGlobalSection
	GlobalSection(SolutionProperties) = preSolution
		HideSolutionNode = FALSE
	EndGlobalSection
EndGlobal
